
Microsoft Visual Studio Solution File, Format Version 12.00
# Visual Studio Version 17
VisualStudioVersion = 17.6.33815.320
MinimumVisualStudioVersion = 10.0.40219.1
Project("{FAE04EC0-301F-11D3-BF4B-00C04F79EFBC}") = "T2Sockets", "T2Sockets.csproj", "{12B6A247-90F5-4D06-92DA-88F01DA581C6}"
EndProject
Project("{FAE04EC0-301F-11D3-BF4B-00C04F79EFBC}") = "ServidorSocketUtils", "..\ServidorSocketsUtils\ServidorSocketUtils.csproj", "{51995CE2-FC7D-4111-A32D-2BBA6F1B32FF}"
EndProject
Project("{FAE04EC0-301F-11D3-BF4B-00C04F79EFBC}") = "ClienteSocketUtils", "..\SocketCliente\ClienteSocketUtils.csproj", "{7048D78B-124B-467E-8EDD-2F4C60F85C6B}"
EndProject
Project("{FAE04EC0-301F-11D3-BF4B-00C04F79EFBC}") = "Cliente", "..\Cliente\Cliente.csproj", "{44725B01-83D9-4FD4-B7A8-94FEBE8E3B2A}"
EndProject
Global
	GlobalSection(SolutionConfigurationPlatforms) = preSolution
		Debug|Any CPU = Debug|Any CPU
		Release|Any CPU = Release|Any CPU
	EndGlobalSection
	GlobalSection(ProjectConfigurationPlatforms) = postSolution
		{12B6A247-90F5-4D06-92DA-88F01DA581C6}.Debug|Any CPU.ActiveCfg = Debug|Any CPU
		{12B6A247-90F5-4D06-92DA-88F01DA581C6}.Debug|Any CPU.Build.0 = Debug|Any CPU
		{12B6A247-90F5-4D06-92DA-88F01DA581C6}.Release|Any CPU.ActiveCfg = Release|Any CPU
		{12B6A247-90F5-4D06-92DA-88F01DA581C6}.Release|Any CPU.Build.0 = Release|Any CPU
		{51995CE2-FC7D-4111-A32D-2BBA6F1B32FF}.Debug|Any CPU.ActiveCfg = Debug|Any CPU
		{51995CE2-FC7D-4111-A32D-2BBA6F1B32FF}.Debug|Any CPU.Build.0 = Debug|Any CPU
		{51995CE2-FC7D-4111-A32D-2BBA6F1B32FF}.Release|Any CPU.ActiveCfg = Release|Any CPU
		{51995CE2-FC7D-4111-A32D-2BBA6F1B32FF}.Release|Any CPU.Build.0 = Release|Any CPU
		{7048D78B-124B-467E-8EDD-2F4C60F85C6B}.Debug|Any CPU.ActiveCfg = Debug|Any CPU
		{7048D78B-124B-467E-8EDD-2F4C60F85C6B}.Debug|Any CPU.Build.0 = Debug|Any CPU
		{7048D78B-124B-467E-8EDD-2F4C60F85C6B}.Release|Any CPU.ActiveCfg = Release|Any CPU
		{7048D78B-124B-467E-8EDD-2F4C60F85C6B}.Release|Any CPU.Build.0 = Release|Any CPU
		{44725B01-83D9-4FD4-B7A8-94FEBE8E3B2A}.Debug|Any CPU.ActiveCfg = Debug|Any CPU
		{44725B01-83D9-4FD4-B7A8-94FEBE8E3B2A}.Debug|Any CPU.Build.0 = Debug|Any CPU
		{44725B01-83D9-4FD4-B7A8-94FEBE8E3B2A}.Release|Any CPU.ActiveCfg = Release|Any CPU
		{44725B01-83D9-4FD4-B7A8-94FEBE8E3B2A}.Release|Any CPU.Build.0 = Release|Any CPU
	EndGlobalSection
	GlobalSection(SolutionProperties) = preSolution
		HideSolutionNode = FALSE
	EndGlobalSection
	GlobalSection(ExtensibilityGlobals) = postSolution
		SolutionGuid = {E6375A2D-3B59-4026-A97B-ADEF67B807C1}
	EndGlobalSection
EndGlobal
